PODS:
  - ActiveLabel (0.7.1)
  - ALCameraViewController (1.2.7)
  - Bolts (1.8.4):
    - Bolts/AppLinks (= 1.8.4)
    - Bolts/Tasks (= 1.8.4)
  - Bolts/AppLinks (1.8.4):
    - Bolts/Tasks
  - Bolts/Tasks (1.8.4)
  - CircleSlider (0.5.0)
  - CPImageViewer (4.0.0)
  - Crashlytics (3.8.4):
    - Fabric (~> 1.6.3)
  - DGActivityIndicatorView (2.1.1)
  - Fabric (1.6.11)
  - FBSDKCoreKit (4.20.2):
    - Bolts (~> 1.7)
  - FBSDKLoginKit (4.20.2):
    - FBSDKCoreKit
  - IQKeyboardManagerSwift (4.0.8)
  - JSQMessagesViewController (7.3.4):
    - JSQSystemSoundPlayer (~> 2.0.1)
  - JSQSystemSoundPlayer (2.0.1)
  - Kingfisher (3.6.1)
  - MBProgressHUD (0.9.2)
  - NSStringALEmail (0.4.0)
  - Parse (1.14.2):
    - Bolts/Tasks (~> 1.8)
  - ParseFacebookUtilsV4 (1.11.1):
    - Bolts/Tasks (>= 1.6)
    - FBSDKCoreKit (~> 4.10)
    - FBSDKLoginKit (~> 4.10)
    - FBSDKTVOSKit (~> 4.10)
    - Parse (~> 1.12)
  - PermissionScope (1.1.1)
  - PhoneNumberKit (1.2.2):
    - PhoneNumberKit/PhoneNumberKitCore (= 1.2.2)
    - PhoneNumberKit/UIKit (= 1.2.2)
  - PhoneNumberKit/PhoneNumberKitCore (1.2.2)
  - PhoneNumberKit/UIKit (1.2.2):
    - PhoneNumberKit/PhoneNumberKitCore
  - RAMAnimatedTabBarController (2.1.1)
  - SCLAlertView (0.7.0)
  - SinchVerification-Swift (2.0.3)
  - SJSegmentedScrollView (1.3.5)
  - SkyFloatingLabelTextField (2.0.1)
  - SnapKit (3.2.0)
  - SwiftLinkPreview (2.0.3)
  - TPKeyboardAvoiding (1.3.1)
  - UITextView+Placeholder (1.2.0)

DEPENDENCIES:
  - ActiveLabel (~> 0.7)
  - ALCameraViewController (~> 1.2)
  - CircleSlider (~> 0.5)
  - CPImageViewer (~> 4.0)
  - Crashlytics (~> 3.8)
  - DGActivityIndicatorView (~> 2.1)
  - Fabric (~> 1.6)
  - IQKeyboardManagerSwift (~> 4.0)
  - JSQMessagesViewController (~> 7.3)
  - Kingfisher (~> 3.5)
  - MBProgressHUD (~> 0.9)
  - NSStringALEmail (~> 0.4)
  - ParseFacebookUtilsV4 (~> 1.11)
  - PermissionScope (~> 1.1)
  - PhoneNumberKit (~> 1.2)
  - RAMAnimatedTabBarController (~> 2.1)
  - SCLAlertView (~> 0.7)
  - SinchVerification-Swift (~> 2.0)
  - SJSegmentedScrollView (~> 1.3)
  - SkyFloatingLabelTextField (~> 2.0)
  - SnapKit (~> 3.2)
  - SwiftLinkPreview (~> 2.0)
  - TPKeyboardAvoiding (~> 1.3)
  - UITextView+Placeholder (~> 1.2)

SPEC CHECKSUMS:
  ActiveLabel: 68625f22775f51c31bb691ca8de20f1e5a3bc825
  ALCameraViewController: 4a513b8d5ecfdb3f34c50b1d469c373aae1ec7b4
  Bolts: 8a7995239dbe724f9cba2248b766d48b7ebdd322
  CircleSlider: c6eca7297b40e3a638395a938d1b16b8c4710821
  CPImageViewer: 7ebd6f707b45d70a3253b2b15f00c31c581a2704
  Crashlytics: 79e236942ca1e7fc641df1feb9a275360a78ab6a
  DGActivityIndicatorView: ff2c76073d79692f724863c8dd38685866a03cb6
  Fabric: 5911403591946b8228ab1c51d98f1d7137e863c6
  FBSDKCoreKit: 82eac696eb6157da5f4266c3a241f00e9bd72471
  FBSDKLoginKit: 2211bede07c83391349eacc1fd86cf6d9289ce38
  IQKeyboardManagerSwift: c04bc9f68473823f825eb44d958fce98d921bead
  JSQMessagesViewController: 39fed975e3c9f8eba7292071e29eeb541d105e66
  JSQSystemSoundPlayer: c5850e77a4363ffd374cd851154b9af93264ed8d
  Kingfisher: 2f31cb75f3e98d3d4c406cbdcd9b263e956cfa67
  MBProgressHUD: 1569cf7ace17a8bac47aabfbb8580a49690386d1
  NSStringALEmail: 90285bc5f48eb792d8ed3d71b278f78dea80a7f6
  Parse: 4335d65f40cb3d43190d723144bbe1afb9c38230
  ParseFacebookUtilsV4: 2f30c2b7021c8005d3042781da7ef87d06589421
  PermissionScope: a30c16e015779ba27c97c124e7539e27b5829de2
  PhoneNumberKit: ffae8f18fb78c1425c7af973711b0b0fd4f4104f
  RAMAnimatedTabBarController: 128e0d71dc802766de575a3c59c6fdcc8e2f921b
  SCLAlertView: 8a14ffc40590c619e183eed2298b854385f30be1
  SinchVerification-Swift: 567aaf9cb29c55a115faecb6016fea25a7f37688
  SJSegmentedScrollView: 20e4c2e5489329e06c483f8824dbb55d055e9ffa
  SkyFloatingLabelTextField: 070e749632ffd608d6fd9db3fa488a822524997c
  SnapKit: 1ca44df72cfa543218d177cb8aab029d10d86ea7
  SwiftLinkPreview: b5ca44d10bad50db03c130adb0e6f2ac0588586e
  TPKeyboardAvoiding: 0d6af20e95e2850f4c621841225b59ec7d8dd852
  UITextView+Placeholder: 77680995fcdd07c3f52ec92fe1150874a2ac89ff

PODFILE CHECKSUM: 2a5f6f0bf874005d43016ce1afb01cddc9aa62b6

COCOAPODS: 1.2.0
