// !$*UTF8*$!
{
	archiveVersion = 1;
	classes = {
	};
	objectVersion = 46;
	objects = {

/* Begin PBXBuildFile section */
		3F2395761E6976CC0038B6AF /* Constants.swift in Sources */ = {isa = PBXBuildFile; fileRef = 3F2395751E6976CC0038B6AF /* Constants.swift */; };
		3F23B5F41E7ED4BF00175017 /* SFUIText-Bold.ttf in Resources */ = {isa = PBXBuildFile; fileRef = 3F23B5F31E7ED4BF00175017 /* SFUIText-Bold.ttf */; };
		3F23B6541E7F6F6800175017 /* WDTReplyViewController.swift in Sources */ = {isa = PBXBuildFile; fileRef = 3F23B6531E7F6F6800175017 /* WDTReplyViewController.swift */; };
		3F23B6561E7F716F00175017 /* WDTChatViewController.swift in Sources */ = {isa = PBXBuildFile; fileRef = 3F23B6551E7F716F00175017 /* WDTChatViewController.swift */; };
		3F3917B11E6CE84E007409D9 /* WDTNoNavigationBaseViewController.swift in Sources */ = {isa = PBXBuildFile; fileRef = 3F3917B01E6CE84E007409D9 /* WDTNoNavigationBaseViewController.swift */; };
		3F3917B31E6CE8B3007409D9 /* WDTSignUpPhoneViewController.swift in Sources */ = {isa = PBXBuildFile; fileRef = 3F3917B21E6CE8B3007409D9 /* WDTSignUpPhoneViewController.swift */; };
		3F3917B51E6CE8C4007409D9 /* WDTSignUpVerificationViewController.swift in Sources */ = {isa = PBXBuildFile; fileRef = 3F3917B41E6CE8C4007409D9 /* WDTSignUpVerificationViewController.swift */; };
		3F3917B71E6CF04F007409D9 /* WDTLogInViewController.swift in Sources */ = {isa = PBXBuildFile; fileRef = 3F3917B61E6CF04F007409D9 /* WDTLogInViewController.swift */; };
		3F3917B91E6D0DF6007409D9 /* WDTSignUpProfileViewController.swift in Sources */ = {isa = PBXBuildFile; fileRef = 3F3917B81E6D0DF6007409D9 /* WDTSignUpProfileViewController.swift */; };
		3F3A314C1E6D62E6009267A6 /* WDTSignUpSituationViewController.swift in Sources */ = {isa = PBXBuildFile; fileRef = 3F3A314B1E6D62E6009267A6 /* WDTSignUpSituationViewController.swift */; };
		3F3A314F1E6D6610009267A6 /* WDTProfileSituationTableViewCell.swift in Sources */ = {isa = PBXBuildFile; fileRef = 3F3A314D1E6D6610009267A6 /* WDTProfileSituationTableViewCell.swift */; };
		3F3A31501E6D6610009267A6 /* WDTProfileSituationTableViewCell.xib in Resources */ = {isa = PBXBuildFile; fileRef = 3F3A314E1E6D6610009267A6 /* WDTProfileSituationTableViewCell.xib */; };
		3F3A31521E6E5831009267A6 /* WDTTabBarController.swift in Sources */ = {isa = PBXBuildFile; fileRef = 3F3A31511E6E5831009267A6 /* WDTTabBarController.swift */; };
		3F3A31541E6E7232009267A6 /* WDTTabItemAnimation.swift in Sources */ = {isa = PBXBuildFile; fileRef = 3F3A31531E6E7232009267A6 /* WDTTabItemAnimation.swift */; };
		3F3A31561E6E94AF009267A6 /* JHView.swift in Sources */ = {isa = PBXBuildFile; fileRef = 3F3A31551E6E94AF009267A6 /* JHView.swift */; };
		3F3A315C1E6E97B3009267A6 /* WDTFeedViewController.swift in Sources */ = {isa = PBXBuildFile; fileRef = 3F3A315B1E6E97B3009267A6 /* WDTFeedViewController.swift */; };
		3F3A315E1E6E9848009267A6 /* WDTFeedBaseViewController.swift in Sources */ = {isa = PBXBuildFile; fileRef = 3F3A315D1E6E9848009267A6 /* WDTFeedBaseViewController.swift */; };
		3F3A31621E6E9AC2009267A6 /* WDTActivity.swift in Sources */ = {isa = PBXBuildFile; fileRef = 3F3A315F1E6E9AC2009267A6 /* WDTActivity.swift */; };
		3F3A31631E6E9AC2009267A6 /* WDTPost.swift in Sources */ = {isa = PBXBuildFile; fileRef = 3F3A31601E6E9AC2009267A6 /* WDTPost.swift */; };
		3F3A31641E6E9AC2009267A6 /* WDTPush.swift in Sources */ = {isa = PBXBuildFile; fileRef = 3F3A31611E6E9AC2009267A6 /* WDTPush.swift */; };
		3F3A31671E6EB036009267A6 /* WDTFeedTableViewCell.swift in Sources */ = {isa = PBXBuildFile; fileRef = 3F3A31651E6EB036009267A6 /* WDTFeedTableViewCell.swift */; };
		3F3A31681E6EB036009267A6 /* WDTFeedTableViewCell.xib in Resources */ = {isa = PBXBuildFile; fileRef = 3F3A31661E6EB036009267A6 /* WDTFeedTableViewCell.xib */; };
		3F3CFDAB1E7B6FC600AD8FF8 /* WDTCircleSlider.swift in Sources */ = {isa = PBXBuildFile; fileRef = 3F3CFDAA1E7B6FC600AD8FF8 /* WDTCircleSlider.swift */; };
		3F3CFDB31E7C22C200AD8FF8 /* WDTProfileViewController.swift in Sources */ = {isa = PBXBuildFile; fileRef = 3F3CFDB21E7C22C200AD8FF8 /* WDTProfileViewController.swift */; };
		3F3CFDB51E7C238400AD8FF8 /* WDTProfileHeaderViewController.swift in Sources */ = {isa = PBXBuildFile; fileRef = 3F3CFDB41E7C238400AD8FF8 /* WDTProfileHeaderViewController.swift */; };
		3F3CFDBB1E7C451D00AD8FF8 /* WDTAboutViewController.swift in Sources */ = {isa = PBXBuildFile; fileRef = 3F3CFDBA1E7C451D00AD8FF8 /* WDTAboutViewController.swift */; };
		3F3CFDBE1E7C486700AD8FF8 /* WDTAboutTableViewCell.swift in Sources */ = {isa = PBXBuildFile; fileRef = 3F3CFDBC1E7C486700AD8FF8 /* WDTAboutTableViewCell.swift */; };
		3F3CFDBF1E7C486700AD8FF8 /* WDTAboutTableViewCell.xib in Resources */ = {isa = PBXBuildFile; fileRef = 3F3CFDBD1E7C486700AD8FF8 /* WDTAboutTableViewCell.xib */; };
		3F3CFDC21E7C487900AD8FF8 /* WDTAccountTableViewCell.swift in Sources */ = {isa = PBXBuildFile; fileRef = 3F3CFDC01E7C487900AD8FF8 /* WDTAccountTableViewCell.swift */; };
		3F3CFDC31E7C487900AD8FF8 /* WDTAccountTableViewCell.xib in Resources */ = {isa = PBXBuildFile; fileRef = 3F3CFDC11E7C487900AD8FF8 /* WDTAccountTableViewCell.xib */; };
		3F3CFDC51E7CC9F900AD8FF8 /* WDTEditProfileViewController.swift in Sources */ = {isa = PBXBuildFile; fileRef = 3F3CFDC41E7CC9F900AD8FF8 /* WDTEditProfileViewController.swift */; };
		3F3CFDC81E7CCD3100AD8FF8 /* WDTAvatarTableViewCell.swift in Sources */ = {isa = PBXBuildFile; fileRef = 3F3CFDC61E7CCD3100AD8FF8 /* WDTAvatarTableViewCell.swift */; };
		3F3CFDC91E7CCD3100AD8FF8 /* WDTAvatarTableViewCell.xib in Resources */ = {isa = PBXBuildFile; fileRef = 3F3CFDC71E7CCD3100AD8FF8 /* WDTAvatarTableViewCell.xib */; };
		3F3CFDCC1E7CCD5E00AD8FF8 /* WDTProfileTextTableViewCell.swift in Sources */ = {isa = PBXBuildFile; fileRef = 3F3CFDCA1E7CCD5E00AD8FF8 /* WDTProfileTextTableViewCell.swift */; };
		3F3CFDCD1E7CCD5E00AD8FF8 /* WDTProfileTextTableViewCell.xib in Resources */ = {isa = PBXBuildFile; fileRef = 3F3CFDCB1E7CCD5E00AD8FF8 /* WDTProfileTextTableViewCell.xib */; };
		3F78B9BB1E67ACED006DE822 /* AppDelegate.swift in Sources */ = {isa = PBXBuildFile; fileRef = 3F78B9BA1E67ACED006DE822 /* AppDelegate.swift */; };
		3F78B9C01E67ACED006DE822 /* Main.storyboard in Resources */ = {isa = PBXBuildFile; fileRef = 3F78B9BE1E67ACED006DE822 /* Main.storyboard */; };
		3F78B9C21E67ACED006DE822 /* Assets.xcassets in Resources */ = {isa = PBXBuildFile; fileRef = 3F78B9C11E67ACED006DE822 /* Assets.xcassets */; };
		3F78B9C51E67ACED006DE822 /* LaunchScreen.storyboard in Resources */ = {isa = PBXBuildFile; fileRef = 3F78B9C31E67ACED006DE822 /* LaunchScreen.storyboard */; };
		3F7EB66E1E7ECE3400531760 /* WDTActivityTableViewCell.swift in Sources */ = {isa = PBXBuildFile; fileRef = 3F7EB66C1E7ECE3400531760 /* WDTActivityTableViewCell.swift */; };
		3F7EB66F1E7ECE3400531760 /* WDTActivityTableViewCell.xib in Resources */ = {isa = PBXBuildFile; fileRef = 3F7EB66D1E7ECE3400531760 /* WDTActivityTableViewCell.xib */; };
		3F9910301E88B36F0005B80B /* WDTWebViewController.swift in Sources */ = {isa = PBXBuildFile; fileRef = 3F99102F1E88B36F0005B80B /* WDTWebViewController.swift */; };
		3F9910321E88F8000005B80B /* notification.mp3 in Resources */ = {isa = PBXBuildFile; fileRef = 3F9910311E88F8000005B80B /* notification.mp3 */; };
		3FB848241E7CED9400313A01 /* WDTProfileAboutViewController.swift in Sources */ = {isa = PBXBuildFile; fileRef = 3FB848231E7CED9400313A01 /* WDTProfileAboutViewController.swift */; };
		3FB848261E7D15DB00313A01 /* WDTActivitiesViewController.swift in Sources */ = {isa = PBXBuildFile; fileRef = 3FB848251E7D15DB00313A01 /* WDTActivitiesViewController.swift */; };
		3FEBD97D1E6F08CD00878392 /* JHShadowView.swift in Sources */ = {isa = PBXBuildFile; fileRef = 3FEBD97C1E6F08CD00878392 /* JHShadowView.swift */; };
		3FEBD97F1E70E04000878392 /* WDTAddPostViewController.swift in Sources */ = {isa = PBXBuildFile; fileRef = 3FEBD97E1E70E04000878392 /* WDTAddPostViewController.swift */; };
		3FEBD9811E70EDE100878392 /* WDTCategoriesViewController.swift in Sources */ = {isa = PBXBuildFile; fileRef = 3FEBD9801E70EDE100878392 /* WDTCategoriesViewController.swift */; };
		3FEBD9831E70F44900878392 /* WDTMorePostsViewController.swift in Sources */ = {isa = PBXBuildFile; fileRef = 3FEBD9821E70F44900878392 /* WDTMorePostsViewController.swift */; };
		3FEBD9851E711E6400878392 /* WDTCategoryTableViewCell.swift in Sources */ = {isa = PBXBuildFile; fileRef = 3FEBD9841E711E6400878392 /* WDTCategoryTableViewCell.swift */; };
		3FF8BA781E6A5FDF008A1CEA /* SFUIText-Light.ttf in Resources */ = {isa = PBXBuildFile; fileRef = 3FF8BA741E6A5FDF008A1CEA /* SFUIText-Light.ttf */; };
		3FF8BA791E6A5FDF008A1CEA /* SFUIText-Medium.ttf in Resources */ = {isa = PBXBuildFile; fileRef = 3FF8BA751E6A5FDF008A1CEA /* SFUIText-Medium.ttf */; };
		3FF8BA7A1E6A5FDF008A1CEA /* SFUIText-Regular.ttf in Resources */ = {isa = PBXBuildFile; fileRef = 3FF8BA761E6A5FDF008A1CEA /* SFUIText-Regular.ttf */; };
		3FF8BA7F1E6A6050008A1CEA /* WDTWelcomeViewController.swift in Sources */ = {isa = PBXBuildFile; fileRef = 3FF8BA7E1E6A6050008A1CEA /* WDTWelcomeViewController.swift */; };
		3FF8BA811E6A63A1008A1CEA /* Extensions.swift in Sources */ = {isa = PBXBuildFile; fileRef = 3FF8BA801E6A63A1008A1CEA /* Extensions.swift */; };
		3FF8BA831E6A9BA9008A1CEA /* JHTextField.swift in Sources */ = {isa = PBXBuildFile; fileRef = 3FF8BA821E6A9BA9008A1CEA /* JHTextField.swift */; };
		3FF8BA851E6A9BBB008A1CEA /* JHButton.swift in Sources */ = {isa = PBXBuildFile; fileRef = 3FF8BA841E6A9BBB008A1CEA /* JHButton.swift */; };
		3FF8BA891E6AA03A008A1CEA /* WDTTutorialContentViewController.swift in Sources */ = {isa = PBXBuildFile; fileRef = 3FF8BA881E6AA03A008A1CEA /* WDTTutorialContentViewController.swift */; };
		3FF8BA8B1E6AA086008A1CEA /* WDTTutorialViewController.swift in Sources */ = {isa = PBXBuildFile; fileRef = 3FF8BA8A1E6AA086008A1CEA /* WDTTutorialViewController.swift */; };
		96B3434A1EBAE90B0087CC8B /* LinkPreviewView.swift in Sources */ = {isa = PBXBuildFile; fileRef = 96B343491EBAE90A0087CC8B /* LinkPreviewView.swift */; };
		A0AA92FF219A442C78EF6ED7 /* Pods_Widdit.framework in Frameworks */ = {isa = PBXBuildFile; fileRef = A56DC05575FA5C0BF47FFFF6 /* Pods_Widdit.framework */; };
/* End PBXBuildFile section */

/* Begin PBXFileReference section */
		3F2395751E6976CC0038B6AF /* Constants.swift */ = {isa = PBXFileReference; fileEncoding = 4; lastKnownFileType = sourcecode.swift; path = Constants.swift; sourceTree = "<group>"; };
		3F23B5F31E7ED4BF00175017 /* SFUIText-Bold.ttf */ = {isa = PBXFileReference; lastKnownFileType = file; path = "SFUIText-Bold.ttf"; sourceTree = "<group>"; };
		3F23B6531E7F6F6800175017 /* WDTReplyViewController.swift */ = {isa = PBXFileReference; fileEncoding = 4; lastKnownFileType = sourcecode.swift; path = WDTReplyViewController.swift; sourceTree = "<group>"; };
		3F23B6551E7F716F00175017 /* WDTChatViewController.swift */ = {isa = PBXFileReference; fileEncoding = 4; lastKnownFileType = sourcecode.swift; path = WDTChatViewController.swift; sourceTree = "<group>"; };
		3F3917B01E6CE84E007409D9 /* WDTNoNavigationBaseViewController.swift */ = {isa = PBXFileReference; fileEncoding = 4; lastKnownFileType = sourcecode.swift; path = WDTNoNavigationBaseViewController.swift; sourceTree = "<group>"; };
		3F3917B21E6CE8B3007409D9 /* WDTSignUpPhoneViewController.swift */ = {isa = PBXFileReference; fileEncoding = 4; lastKnownFileType = sourcecode.swift; path = WDTSignUpPhoneViewController.swift; sourceTree = "<group>"; };
		3F3917B41E6CE8C4007409D9 /* WDTSignUpVerificationViewController.swift */ = {isa = PBXFileReference; fileEncoding = 4; lastKnownFileType = sourcecode.swift; path = WDTSignUpVerificationViewController.swift; sourceTree = "<group>"; };
		3F3917B61E6CF04F007409D9 /* WDTLogInViewController.swift */ = {isa = PBXFileReference; fileEncoding = 4; lastKnownFileType = sourcecode.swift; path = WDTLogInViewController.swift; sourceTree = "<group>"; };
		3F3917B81E6D0DF6007409D9 /* WDTSignUpProfileViewController.swift */ = {isa = PBXFileReference; fileEncoding = 4; lastKnownFileType = sourcecode.swift; path = WDTSignUpProfileViewController.swift; sourceTree = "<group>"; };
		3F3A314B1E6D62E6009267A6 /* WDTSignUpSituationViewController.swift */ = {isa = PBXFileReference; fileEncoding = 4; lastKnownFileType = sourcecode.swift; path = WDTSignUpSituationViewController.swift; sourceTree = "<group>"; };
		3F3A314D1E6D6610009267A6 /* WDTProfileSituationTableViewCell.swift */ = {isa = PBXFileReference; fileEncoding = 4; lastKnownFileType = sourcecode.swift; path = WDTProfileSituationTableViewCell.swift; sourceTree = "<group>"; };
		3F3A314E1E6D6610009267A6 /* WDTProfileSituationTableViewCell.xib */ = {isa = PBXFileReference; fileEncoding = 4; lastKnownFileType = file.xib; path = WDTProfileSituationTableViewCell.xib; sourceTree = "<group>"; };
		3F3A31511E6E5831009267A6 /* WDTTabBarController.swift */ = {isa = PBXFileReference; fileEncoding = 4; lastKnownFileType = sourcecode.swift; path = WDTTabBarController.swift; sourceTree = "<group>"; };
		3F3A31531E6E7232009267A6 /* WDTTabItemAnimation.swift */ = {isa = PBXFileReference; fileEncoding = 4; lastKnownFileType = sourcecode.swift; path = WDTTabItemAnimation.swift; sourceTree = "<group>"; };
		3F3A31551E6E94AF009267A6 /* JHView.swift */ = {isa = PBXFileReference; fileEncoding = 4; lastKnownFileType = sourcecode.swift; path = JHView.swift; sourceTree = "<group>"; };
		3F3A315B1E6E97B3009267A6 /* WDTFeedViewController.swift */ = {isa = PBXFileReference; fileEncoding = 4; lastKnownFileType = sourcecode.swift; path = WDTFeedViewController.swift; sourceTree = "<group>"; };
		3F3A315D1E6E9848009267A6 /* WDTFeedBaseViewController.swift */ = {isa = PBXFileReference; fileEncoding = 4; lastKnownFileType = sourcecode.swift; path = WDTFeedBaseViewController.swift; sourceTree = "<group>"; };
		3F3A315F1E6E9AC2009267A6 /* WDTActivity.swift */ = {isa = PBXFileReference; fileEncoding = 4; lastKnownFileType = sourcecode.swift; path = WDTActivity.swift; sourceTree = "<group>"; };
		3F3A31601E6E9AC2009267A6 /* WDTPost.swift */ = {isa = PBXFileReference; fileEncoding = 4; lastKnownFileType = sourcecode.swift; path = WDTPost.swift; sourceTree = "<group>"; };
		3F3A31611E6E9AC2009267A6 /* WDTPush.swift */ = {isa = PBXFileReference; fileEncoding = 4; lastKnownFileType = sourcecode.swift; path = WDTPush.swift; sourceTree = "<group>"; };
		3F3A31651E6EB036009267A6 /* WDTFeedTableViewCell.swift */ = {isa = PBXFileReference; fileEncoding = 4; lastKnownFileType = sourcecode.swift; path = WDTFeedTableViewCell.swift; sourceTree = "<group>"; };
		3F3A31661E6EB036009267A6 /* WDTFeedTableViewCell.xib */ = {isa = PBXFileReference; fileEncoding = 4; lastKnownFileType = file.xib; path = WDTFeedTableViewCell.xib; sourceTree = "<group>"; };
		3F3CFDAA1E7B6FC600AD8FF8 /* WDTCircleSlider.swift */ = {isa = PBXFileReference; fileEncoding = 4; lastKnownFileType = sourcecode.swift; path = WDTCircleSlider.swift; sourceTree = "<group>"; };
		3F3CFDB21E7C22C200AD8FF8 /* WDTProfileViewController.swift */ = {isa = PBXFileReference; fileEncoding = 4; lastKnownFileType = sourcecode.swift; path = WDTProfileViewController.swift; sourceTree = "<group>"; };
		3F3CFDB41E7C238400AD8FF8 /* WDTProfileHeaderViewController.swift */ = {isa = PBXFileReference; fileEncoding = 4; lastKnownFileType = sourcecode.swift; path = WDTProfileHeaderViewController.swift; sourceTree = "<group>"; };
		3F3CFDBA1E7C451D00AD8FF8 /* WDTAboutViewController.swift */ = {isa = PBXFileReference; fileEncoding = 4; lastKnownFileType = sourcecode.swift; path = WDTAboutViewController.swift; sourceTree = "<group>"; };
		3F3CFDBC1E7C486700AD8FF8 /* WDTAboutTableViewCell.swift */ = {isa = PBXFileReference; fileEncoding = 4; lastKnownFileType = sourcecode.swift; path = WDTAboutTableViewCell.swift; sourceTree = "<group>"; };
		3F3CFDBD1E7C486700AD8FF8 /* WDTAboutTableViewCell.xib */ = {isa = PBXFileReference; fileEncoding = 4; lastKnownFileType = file.xib; path = WDTAboutTableViewCell.xib; sourceTree = "<group>"; };
		3F3CFDC01E7C487900AD8FF8 /* WDTAccountTableViewCell.swift */ = {isa = PBXFileReference; fileEncoding = 4; lastKnownFileType = sourcecode.swift; path = WDTAccountTableViewCell.swift; sourceTree = "<group>"; };
		3F3CFDC11E7C487900AD8FF8 /* WDTAccountTableViewCell.xib */ = {isa = PBXFileReference; fileEncoding = 4; lastKnownFileType = file.xib; path = WDTAccountTableViewCell.xib; sourceTree = "<group>"; };
		3F3CFDC41E7CC9F900AD8FF8 /* WDTEditProfileViewController.swift */ = {isa = PBXFileReference; fileEncoding = 4; lastKnownFileType = sourcecode.swift; path = WDTEditProfileViewController.swift; sourceTree = "<group>"; };
		3F3CFDC61E7CCD3100AD8FF8 /* WDTAvatarTableViewCell.swift */ = {isa = PBXFileReference; fileEncoding = 4; lastKnownFileType = sourcecode.swift; path = WDTAvatarTableViewCell.swift; sourceTree = "<group>"; };
		3F3CFDC71E7CCD3100AD8FF8 /* WDTAvatarTableViewCell.xib */ = {isa = PBXFileReference; fileEncoding = 4; lastKnownFileType = file.xib; path = WDTAvatarTableViewCell.xib; sourceTree = "<group>"; };
		3F3CFDCA1E7CCD5E00AD8FF8 /* WDTProfileTextTableViewCell.swift */ = {isa = PBXFileReference; fileEncoding = 4; lastKnownFileType = sourcecode.swift; path = WDTProfileTextTableViewCell.swift; sourceTree = "<group>"; };
		3F3CFDCB1E7CCD5E00AD8FF8 /* WDTProfileTextTableViewCell.xib */ = {isa = PBXFileReference; fileEncoding = 4; lastKnownFileType = file.xib; path = WDTProfileTextTableViewCell.xib; sourceTree = "<group>"; };
		3F78B9B71E67ACED006DE822 /* Widdit.app */ = {isa = PBXFileReference; explicitFileType = wrapper.application; includeInIndex = 0; path = Widdit.app; sourceTree = BUILT_PRODUCTS_DIR; };
		3F78B9BA1E67ACED006DE822 /* AppDelegate.swift */ = {isa = PBXFileReference; lastKnownFileType = sourcecode.swift; path = AppDelegate.swift; sourceTree = "<group>"; };
		3F78B9BF1E67ACED006DE822 /* Base */ = {isa = PBXFileReference; lastKnownFileType = file.storyboard; name = Base; path = Base.lproj/Main.storyboard; sourceTree = "<group>"; };
		3F78B9C11E67ACED006DE822 /* Assets.xcassets */ = {isa = PBXFileReference; lastKnownFileType = folder.assetcatalog; path = Assets.xcassets; sourceTree = "<group>"; };
		3F78B9C41E67ACED006DE822 /* Base */ = {isa = PBXFileReference; lastKnownFileType = file.storyboard; name = Base; path = Base.lproj/LaunchScreen.storyboard; sourceTree = "<group>"; };
		3F78B9C61E67ACED006DE822 /* Info.plist */ = {isa = PBXFileReference; lastKnownFileType = text.plist.xml; path = Info.plist; sourceTree = "<group>"; };
		3F78B9CC1E67AD5A006DE822 /* Widdit.entitlements */ = {isa = PBXFileReference; lastKnownFileType = text.plist.entitlements; path = Widdit.entitlements; sourceTree = "<group>"; };
		3F7EB66C1E7ECE3400531760 /* WDTActivityTableViewCell.swift */ = {isa = PBXFileReference; fileEncoding = 4; lastKnownFileType = sourcecode.swift; path = WDTActivityTableViewCell.swift; sourceTree = "<group>"; };
		3F7EB66D1E7ECE3400531760 /* WDTActivityTableViewCell.xib */ = {isa = PBXFileReference; fileEncoding = 4; lastKnownFileType = file.xib; path = WDTActivityTableViewCell.xib; sourceTree = "<group>"; };
		3F99102F1E88B36F0005B80B /* WDTWebViewController.swift */ = {isa = PBXFileReference; fileEncoding = 4; lastKnownFileType = sourcecode.swift; path = WDTWebViewController.swift; sourceTree = "<group>"; };
		3F9910311E88F8000005B80B /* notification.mp3 */ = {isa = PBXFileReference; lastKnownFileType = audio.mp3; path = notification.mp3; sourceTree = "<group>"; };
		3FB848231E7CED9400313A01 /* WDTProfileAboutViewController.swift */ = {isa = PBXFileReference; fileEncoding = 4; lastKnownFileType = sourcecode.swift; path = WDTProfileAboutViewController.swift; sourceTree = "<group>"; };
		3FB848251E7D15DB00313A01 /* WDTActivitiesViewController.swift */ = {isa = PBXFileReference; fileEncoding = 4; lastKnownFileType = sourcecode.swift; path = WDTActivitiesViewController.swift; sourceTree = "<group>"; };
		3FEBD97C1E6F08CD00878392 /* JHShadowView.swift */ = {isa = PBXFileReference; fileEncoding = 4; lastKnownFileType = sourcecode.swift; path = JHShadowView.swift; sourceTree = "<group>"; };
		3FEBD97E1E70E04000878392 /* WDTAddPostViewController.swift */ = {isa = PBXFileReference; fileEncoding = 4; lastKnownFileType = sourcecode.swift; path = WDTAddPostViewController.swift; sourceTree = "<group>"; };
		3FEBD9801E70EDE100878392 /* WDTCategoriesViewController.swift */ = {isa = PBXFileReference; fileEncoding = 4; lastKnownFileType = sourcecode.swift; path = WDTCategoriesViewController.swift; sourceTree = "<group>"; };
		3FEBD9821E70F44900878392 /* WDTMorePostsViewController.swift */ = {isa = PBXFileReference; fileEncoding = 4; lastKnownFileType = sourcecode.swift; path = WDTMorePostsViewController.swift; sourceTree = "<group>"; };
		3FEBD9841E711E6400878392 /* WDTCategoryTableViewCell.swift */ = {isa = PBXFileReference; fileEncoding = 4; lastKnownFileType = sourcecode.swift; path = WDTCategoryTableViewCell.swift; sourceTree = "<group>"; };
		3FF8BA741E6A5FDF008A1CEA /* SFUIText-Light.ttf */ = {isa = PBXFileReference; lastKnownFileType = file; path = "SFUIText-Light.ttf"; sourceTree = "<group>"; };
		3FF8BA751E6A5FDF008A1CEA /* SFUIText-Medium.ttf */ = {isa = PBXFileReference; lastKnownFileType = file; path = "SFUIText-Medium.ttf"; sourceTree = "<group>"; };
		3FF8BA761E6A5FDF008A1CEA /* SFUIText-Regular.ttf */ = {isa = PBXFileReference; lastKnownFileType = file; path = "SFUIText-Regular.ttf"; sourceTree = "<group>"; };
		3FF8BA7E1E6A6050008A1CEA /* WDTWelcomeViewController.swift */ = {isa = PBXFileReference; fileEncoding = 4; lastKnownFileType = sourcecode.swift; path = WDTWelcomeViewController.swift; sourceTree = "<group>"; };
		3FF8BA801E6A63A1008A1CEA /* Extensions.swift */ = {isa = PBXFileReference; fileEncoding = 4; lastKnownFileType = sourcecode.swift; path = Extensions.swift; sourceTree = "<group>"; };
		3FF8BA821E6A9BA9008A1CEA /* JHTextField.swift */ = {isa = PBXFileReference; fileEncoding = 4; lastKnownFileType = sourcecode.swift; path = JHTextField.swift; sourceTree = "<group>"; };
		3FF8BA841E6A9BBB008A1CEA /* JHButton.swift */ = {isa = PBXFileReference; fileEncoding = 4; lastKnownFileType = sourcecode.swift; path = JHButton.swift; sourceTree = "<group>"; };
		3FF8BA881E6AA03A008A1CEA /* WDTTutorialContentViewController.swift */ = {isa = PBXFileReference; fileEncoding = 4; lastKnownFileType = sourcecode.swift; path = WDTTutorialContentViewController.swift; sourceTree = "<group>"; };
		3FF8BA8A1E6AA086008A1CEA /* WDTTutorialViewController.swift */ = {isa = PBXFileReference; fileEncoding = 4; lastKnownFileType = sourcecode.swift; path = WDTTutorialViewController.swift; sourceTree = "<group>"; };
		96B343491EBAE90A0087CC8B /* LinkPreviewView.swift */ = {isa = PBXFileReference; fileEncoding = 4; lastKnownFileType = sourcecode.swift; path = LinkPreviewView.swift; sourceTree = "<group>"; };
		99C5035B241671F3B627B907 /* Pods-Widdit.release.xcconfig */ = {isa = PBXFileReference; includeInIndex = 1; lastKnownFileType = text.xcconfig; name = "Pods-Widdit.release.xcconfig"; path = "Pods/Target Support Files/Pods-Widdit/Pods-Widdit.release.xcconfig"; sourceTree = "<group>"; };
		A56DC05575FA5C0BF47FFFF6 /* Pods_Widdit.framework */ = {isa = PBXFileReference; explicitFileType = wrapper.framework; includeInIndex = 0; path = Pods_Widdit.framework; sourceTree = BUILT_PRODUCTS_DIR; };
		B641342E17CE113A5F0D8EC8 /* Pods-Widdit.debug.xcconfig */ = {isa = PBXFileReference; includeInIndex = 1; lastKnownFileType = text.xcconfig; name = "Pods-Widdit.debug.xcconfig"; path = "Pods/Target Support Files/Pods-Widdit/Pods-Widdit.debug.xcconfig"; sourceTree = "<group>"; };
/* End PBXFileReference section */

/* Begin PBXFrameworksBuildPhase section */
		3F78B9B41E67ACED006DE822 /* Frameworks */ = {
			isa = PBXFrameworksBuildPhase;
			buildActionMask = 2147483647;
			files = (
				A0AA92FF219A442C78EF6ED7 /* Pods_Widdit.framework in Frameworks */,
			);
			runOnlyForDeploymentPostprocessing = 0;
		};
/* End PBXFrameworksBuildPhase section */

/* Begin PBXGroup section */
		3E7A2B2F98413DEF12AF5480 /* Pods */ = {
			isa = PBXGroup;
			children = (
				B641342E17CE113A5F0D8EC8 /* Pods-Widdit.debug.xcconfig */,
				99C5035B241671F3B627B907 /* Pods-Widdit.release.xcconfig */,
			);
			name = Pods;
			sourceTree = "<group>";
		};
		3F3A31571E6E979A009267A6 /* TabBar */ = {
			isa = PBXGroup;
			children = (
				3F3A31581E6E979A009267A6 /* Activity */,
				3F3A31591E6E979A009267A6 /* Feed */,
				3F3A315A1E6E979A009267A6 /* Profile */,
			);
			path = TabBar;
			sourceTree = "<group>";
		};
		3F3A31581E6E979A009267A6 /* Activity */ = {
			isa = PBXGroup;
			children = (
				3FB848251E7D15DB00313A01 /* WDTActivitiesViewController.swift */,
				3F23B6531E7F6F6800175017 /* WDTReplyViewController.swift */,
				3F23B6551E7F716F00175017 /* WDTChatViewController.swift */,
				3F99102F1E88B36F0005B80B /* WDTWebViewController.swift */,
			);
			path = Activity;
			sourceTree = "<group>";
		};
		3F3A31591E6E979A009267A6 /* Feed */ = {
			isa = PBXGroup;
			children = (
				3F3A315B1E6E97B3009267A6 /* WDTFeedViewController.swift */,
				3F3A315D1E6E9848009267A6 /* WDTFeedBaseViewController.swift */,
				3FEBD97E1E70E04000878392 /* WDTAddPostViewController.swift */,
				3FEBD9801E70EDE100878392 /* WDTCategoriesViewController.swift */,
				3FEBD9821E70F44900878392 /* WDTMorePostsViewController.swift */,
			);
			path = Feed;
			sourceTree = "<group>";
		};
		3F3A315A1E6E979A009267A6 /* Profile */ = {
			isa = PBXGroup;
			children = (
				3F3CFDB21E7C22C200AD8FF8 /* WDTProfileViewController.swift */,
				3F3CFDB41E7C238400AD8FF8 /* WDTProfileHeaderViewController.swift */,
				3F3CFDBA1E7C451D00AD8FF8 /* WDTAboutViewController.swift */,
				3F3CFDC41E7CC9F900AD8FF8 /* WDTEditProfileViewController.swift */,
				3FB848231E7CED9400313A01 /* WDTProfileAboutViewController.swift */,
			);
			path = Profile;
			sourceTree = "<group>";
		};
		3F78B9AE1E67ACED006DE822 = {
			isa = PBXGroup;
			children = (
				3F78B9B91E67ACED006DE822 /* Widdit */,
				3F78B9B81E67ACED006DE822 /* Products */,
				3E7A2B2F98413DEF12AF5480 /* Pods */,
				D184A68AED3E621F7782852D /* Frameworks */,
			);
			sourceTree = "<group>";
		};
		3F78B9B81E67ACED006DE822 /* Products */ = {
			isa = PBXGroup;
			children = (
				3F78B9B71E67ACED006DE822 /* Widdit.app */,
			);
			name = Products;
			sourceTree = "<group>";
		};
		3F78B9B91E67ACED006DE822 /* Widdit */ = {
			isa = PBXGroup;
			children = (
				3FF8BA721E6A5FDF008A1CEA /* Resources */,
				3FF8BA521E6A5E57008A1CEA /* Controlllers */,
				3FF8BA531E6A5E57008A1CEA /* CustomViews */,
				3FF8BA5C1E6A5E57008A1CEA /* Services */,
				3F78B9CC1E67AD5A006DE822 /* Widdit.entitlements */,
				3F78B9BA1E67ACED006DE822 /* AppDelegate.swift */,
				3F78B9BE1E67ACED006DE822 /* Main.storyboard */,
				3F78B9C11E67ACED006DE822 /* Assets.xcassets */,
				3F78B9C31E67ACED006DE822 /* LaunchScreen.storyboard */,
				3F78B9C61E67ACED006DE822 /* Info.plist */,
				3F2395751E6976CC0038B6AF /* Constants.swift */,
				3FF8BA801E6A63A1008A1CEA /* Extensions.swift */,
			);
			path = Widdit;
			sourceTree = "<group>";
		};
		3FF8BA521E6A5E57008A1CEA /* Controlllers */ = {
			isa = PBXGroup;
			children = (
				3F3A31571E6E979A009267A6 /* TabBar */,
				3FF8BA7B1E6A601E008A1CEA /* Auth */,
				3F3A31511E6E5831009267A6 /* WDTTabBarController.swift */,
				3F3A31531E6E7232009267A6 /* WDTTabItemAnimation.swift */,
			);
			path = Controlllers;
			sourceTree = "<group>";
		};
		3FF8BA531E6A5E57008A1CEA /* CustomViews */ = {
			isa = PBXGroup;
			children = (
				3FF8BA841E6A9BBB008A1CEA /* JHButton.swift */,
				3FEBD97C1E6F08CD00878392 /* JHShadowView.swift */,
				3FF8BA821E6A9BA9008A1CEA /* JHTextField.swift */,
				3F3A31551E6E94AF009267A6 /* JHView.swift */,
				3F3CFDBC1E7C486700AD8FF8 /* WDTAboutTableViewCell.swift */,
				3F3CFDBD1E7C486700AD8FF8 /* WDTAboutTableViewCell.xib */,
				3F3CFDC01E7C487900AD8FF8 /* WDTAccountTableViewCell.swift */,
				3F3CFDC11E7C487900AD8FF8 /* WDTAccountTableViewCell.xib */,
				3F3CFDC61E7CCD3100AD8FF8 /* WDTAvatarTableViewCell.swift */,
				3F3CFDC71E7CCD3100AD8FF8 /* WDTAvatarTableViewCell.xib */,
				3FEBD9841E711E6400878392 /* WDTCategoryTableViewCell.swift */,
				3F3CFDAA1E7B6FC600AD8FF8 /* WDTCircleSlider.swift */,
				3F3A31651E6EB036009267A6 /* WDTFeedTableViewCell.swift */,
				3F3A31661E6EB036009267A6 /* WDTFeedTableViewCell.xib */,
				3F3A314D1E6D6610009267A6 /* WDTProfileSituationTableViewCell.swift */,
				3F3A314E1E6D6610009267A6 /* WDTProfileSituationTableViewCell.xib */,
				3F3CFDCA1E7CCD5E00AD8FF8 /* WDTProfileTextTableViewCell.swift */,
				3F3CFDCB1E7CCD5E00AD8FF8 /* WDTProfileTextTableViewCell.xib */,
				3F7EB66C1E7ECE3400531760 /* WDTActivityTableViewCell.swift */,
				3F7EB66D1E7ECE3400531760 /* WDTActivityTableViewCell.xib */,
				96B343491EBAE90A0087CC8B /* LinkPreviewView.swift */,
			);
			path = CustomViews;
			sourceTree = "<group>";
		};
		3FF8BA5C1E6A5E57008A1CEA /* Services */ = {
			isa = PBXGroup;
			children = (
				3F3A315F1E6E9AC2009267A6 /* WDTActivity.swift */,
				3F3A31601E6E9AC2009267A6 /* WDTPost.swift */,
				3F3A31611E6E9AC2009267A6 /* WDTPush.swift */,
			);
			path = Services;
			sourceTree = "<group>";
		};
		3FF8BA721E6A5FDF008A1CEA /* Resources */ = {
			isa = PBXGroup;
			children = (
				3F9910311E88F8000005B80B /* notification.mp3 */,
				3F23B5F31E7ED4BF00175017 /* SFUIText-Bold.ttf */,
				3FF8BA741E6A5FDF008A1CEA /* SFUIText-Light.ttf */,
				3FF8BA751E6A5FDF008A1CEA /* SFUIText-Medium.ttf */,
				3FF8BA761E6A5FDF008A1CEA /* SFUIText-Regular.ttf */,
			);
			path = Resources;
			sourceTree = "<group>";
		};
		3FF8BA7B1E6A601E008A1CEA /* Auth */ = {
			isa = PBXGroup;
			children = (
				3FF8BA7E1E6A6050008A1CEA /* WDTWelcomeViewController.swift */,
				3FF8BA881E6AA03A008A1CEA /* WDTTutorialContentViewController.swift */,
				3FF8BA8A1E6AA086008A1CEA /* WDTTutorialViewController.swift */,
				3F3917B01E6CE84E007409D9 /* WDTNoNavigationBaseViewController.swift */,
				3F3917B21E6CE8B3007409D9 /* WDTSignUpPhoneViewController.swift */,
				3F3917B41E6CE8C4007409D9 /* WDTSignUpVerificationViewController.swift */,
				3F3917B61E6CF04F007409D9 /* WDTLogInViewController.swift */,
				3F3917B81E6D0DF6007409D9 /* WDTSignUpProfileViewController.swift */,
				3F3A314B1E6D62E6009267A6 /* WDTSignUpSituationViewController.swift */,
			);
			path = Auth;
			sourceTree = "<group>";
		};
		D184A68AED3E621F7782852D /* Frameworks */ = {
			isa = PBXGroup;
			children = (
				A56DC05575FA5C0BF47FFFF6 /* Pods_Widdit.framework */,
			);
			name = Frameworks;
			sourceTree = "<group>";
		};
/* End PBXGroup section */

/* Begin PBXNativeTarget section */
		3F78B9B61E67ACED006DE822 /* Widdit */ = {
			isa = PBXNativeTarget;
			buildConfigurationList = 3F78B9C91E67ACED006DE822 /* Build configuration list for PBXNativeTarget "Widdit" */;
			buildPhases = (
				1B874F0143A48B932FC3E816 /* [CP] Check Pods Manifest.lock */,
				3F78B9B31E67ACED006DE822 /* Sources */,
				3F78B9B41E67ACED006DE822 /* Frameworks */,
				3F78B9B51E67ACED006DE822 /* Resources */,
				537CB076856F0189E445859E /* [CP] Embed Pods Frameworks */,
				3ED252D07F4438674AFAEC7B /* [CP] Copy Pods Resources */,
				3FF8BA511E6A3E76008A1CEA /* ShellScript */,
			);
			buildRules = (
			);
			dependencies = (
			);
			name = Widdit;
			productName = Widdit;
			productReference = 3F78B9B71E67ACED006DE822 /* Widdit.app */;
			productType = "com.apple.product-type.application";
		};
/* End PBXNativeTarget section */

/* Begin PBXProject section */
		3F78B9AF1E67ACED006DE822 /* Project object */ = {
			isa = PBXProject;
			attributes = {
				CLASSPREFIX = WDT;
				LastSwiftUpdateCheck = 0820;
				LastUpgradeCheck = 0820;
				ORGANIZATIONNAME = Widdit;
				TargetAttributes = {
					3F78B9B61E67ACED006DE822 = {
						CreatedOnToolsVersion = 8.2.1;
						DevelopmentTeam = H7P63R6R55;
						ProvisioningStyle = Automatic;
						SystemCapabilities = {
							com.apple.BackgroundModes = {
								enabled = 1;
							};
							com.apple.Keychain = {
								enabled = 1;
							};
							com.apple.Push = {
								enabled = 1;
							};
						};
					};
				};
			};
			buildConfigurationList = 3F78B9B21E67ACED006DE822 /* Build configuration list for PBXProject "Widdit" */;
			compatibilityVersion = "Xcode 3.2";
			developmentRegion = English;
			hasScannedForEncodings = 0;
			knownRegions = (
				en,
				Base,
			);
			mainGroup = 3F78B9AE1E67ACED006DE822;
			productRefGroup = 3F78B9B81E67ACED006DE822 /* Products */;
			projectDirPath = "";
			projectRoot = "";
			targets = (
				3F78B9B61E67ACED006DE822 /* Widdit */,
			);
		};
/* End PBXProject section */

/* Begin PBXResourcesBuildPhase section */
		3F78B9B51E67ACED006DE822 /* Resources */ = {
			isa = PBXResourcesBuildPhase;
			buildActionMask = 2147483647;
			files = (
				3F3CFDCD1E7CCD5E00AD8FF8 /* WDTProfileTextTableViewCell.xib in Resources */,
				3F3A31681E6EB036009267A6 /* WDTFeedTableViewCell.xib in Resources */,
				3F3A31501E6D6610009267A6 /* WDTProfileSituationTableViewCell.xib in Resources */,
				3FF8BA781E6A5FDF008A1CEA /* SFUIText-Light.ttf in Resources */,
				3F3CFDC31E7C487900AD8FF8 /* WDTAccountTableViewCell.xib in Resources */,
				3F9910321E88F8000005B80B /* notification.mp3 in Resources */,
				3FF8BA791E6A5FDF008A1CEA /* SFUIText-Medium.ttf in Resources */,
				3F3CFDC91E7CCD3100AD8FF8 /* WDTAvatarTableViewCell.xib in Resources */,
				3F23B5F41E7ED4BF00175017 /* SFUIText-Bold.ttf in Resources */,
				3F78B9C51E67ACED006DE822 /* LaunchScreen.storyboard in Resources */,
				3FF8BA7A1E6A5FDF008A1CEA /* SFUIText-Regular.ttf in Resources */,
				3F3CFDBF1E7C486700AD8FF8 /* WDTAboutTableViewCell.xib in Resources */,
				3F78B9C21E67ACED006DE822 /* Assets.xcassets in Resources */,
				3F78B9C01E67ACED006DE822 /* Main.storyboard in Resources */,
				3F7EB66F1E7ECE3400531760 /* WDTActivityTableViewCell.xib in Resources */,
			);
			runOnlyForDeploymentPostprocessing = 0;
		};
/* End PBXResourcesBuildPhase section */

/* Begin PBXShellScriptBuildPhase section */
		1B874F0143A48B932FC3E816 /* [CP] Check Pods Manifest.lock */ = {
			isa = PBXShellScriptBuildPhase;
			buildActionMask = 2147483647;
			files = (
			);
			inputPaths = (
			);
			name = "[CP] Check Pods Manifest.lock";
			outputPaths = (
			);
			runOnlyForDeploymentPostprocessing = 0;
			shellPath = /bin/sh;
			shellScript = "diff \"${PODS_ROOT}/../Podfile.lock\" \"${PODS_ROOT}/Manifest.lock\" > /dev/null\nif [ $? != 0 ] ; then\n    # print error to STDERR\n    echo \"error: The sandbox is not in sync with the Podfile.lock. Run 'pod install' or update your CocoaPods installation.\" >&2\n    exit 1\nfi\n";
			showEnvVarsInLog = 0;
		};
		3ED252D07F4438674AFAEC7B /* [CP] Copy Pods Resources */ = {
			isa = PBXShellScriptBuildPhase;
			buildActionMask = 2147483647;
			files = (
			);
			inputPaths = (
			);
			name = "[CP] Copy Pods Resources";
			outputPaths = (
			);
			runOnlyForDeploymentPostprocessing = 0;
			shellPath = /bin/sh;
			shellScript = "\"${SRCROOT}/Pods/Target Support Files/Pods-Widdit/Pods-Widdit-resources.sh\"\n";
			showEnvVarsInLog = 0;
		};
		3FF8BA511E6A3E76008A1CEA /* ShellScript */ = {
			isa = PBXShellScriptBuildPhase;
			buildActionMask = 2147483647;
			files = (
			);
			inputPaths = (
			);
			outputPaths = (
			);
			runOnlyForDeploymentPostprocessing = 0;
			shellPath = /bin/sh;
			shellScript = "\"${PODS_ROOT}/Fabric/run\" 99752756b0c0ced3609dc1873d9fa61483490e50 c8c50bada55c0e75c3d32dd3adb80f39931bb5817dc4102704dee878b183c944";
		};
		537CB076856F0189E445859E /* [CP] Embed Pods Frameworks */ = {
			isa = PBXShellScriptBuildPhase;
			buildActionMask = 2147483647;
			files = (
			);
			inputPaths = (
			);
			name = "[CP] Embed Pods Frameworks";
			outputPaths = (
			);
			runOnlyForDeploymentPostprocessing = 0;
			shellPath = /bin/sh;
			shellScript = "\"${SRCROOT}/Pods/Target Support Files/Pods-Widdit/Pods-Widdit-frameworks.sh\"\n";
			showEnvVarsInLog = 0;
		};
/* End PBXShellScriptBuildPhase section */

/* Begin PBXSourcesBuildPhase section */
		3F78B9B31E67ACED006DE822 /* Sources */ = {
			isa = PBXSourcesBuildPhase;
			buildActionMask = 2147483647;
			files = (
				3F7EB66E1E7ECE3400531760 /* WDTActivityTableViewCell.swift in Sources */,
				3F23B6561E7F716F00175017 /* WDTChatViewController.swift in Sources */,
				3F3A31641E6E9AC2009267A6 /* WDTPush.swift in Sources */,
				3F3A315C1E6E97B3009267A6 /* WDTFeedViewController.swift in Sources */,
				3F3CFDBB1E7C451D00AD8FF8 /* WDTAboutViewController.swift in Sources */,
				3F9910301E88B36F0005B80B /* WDTWebViewController.swift in Sources */,
				3F3A31541E6E7232009267A6 /* WDTTabItemAnimation.swift in Sources */,
				3FF8BA811E6A63A1008A1CEA /* Extensions.swift in Sources */,
				3FB848261E7D15DB00313A01 /* WDTActivitiesViewController.swift in Sources */,
				3F78B9BB1E67ACED006DE822 /* AppDelegate.swift in Sources */,
				3F3917B11E6CE84E007409D9 /* WDTNoNavigationBaseViewController.swift in Sources */,
				3F3CFDAB1E7B6FC600AD8FF8 /* WDTCircleSlider.swift in Sources */,
				3F3A31521E6E5831009267A6 /* WDTTabBarController.swift in Sources */,
				3FEBD9811E70EDE100878392 /* WDTCategoriesViewController.swift in Sources */,
				3F3CFDC51E7CC9F900AD8FF8 /* WDTEditProfileViewController.swift in Sources */,
				3F2395761E6976CC0038B6AF /* Constants.swift in Sources */,
				3F3A315E1E6E9848009267A6 /* WDTFeedBaseViewController.swift in Sources */,
				3FEBD9831E70F44900878392 /* WDTMorePostsViewController.swift in Sources */,
				3F3CFDCC1E7CCD5E00AD8FF8 /* WDTProfileTextTableViewCell.swift in Sources */,
				3FF8BA851E6A9BBB008A1CEA /* JHButton.swift in Sources */,
				3F3CFDC81E7CCD3100AD8FF8 /* WDTAvatarTableViewCell.swift in Sources */,
				96B3434A1EBAE90B0087CC8B /* LinkPreviewView.swift in Sources */,
				3F3A314F1E6D6610009267A6 /* WDTProfileSituationTableViewCell.swift in Sources */,
				3F3A314C1E6D62E6009267A6 /* WDTSignUpSituationViewController.swift in Sources */,
				3FF8BA8B1E6AA086008A1CEA /* WDTTutorialViewController.swift in Sources */,
				3FEBD9851E711E6400878392 /* WDTCategoryTableViewCell.swift in Sources */,
				3F3917B71E6CF04F007409D9 /* WDTLogInViewController.swift in Sources */,
				3F3A31631E6E9AC2009267A6 /* WDTPost.swift in Sources */,
				3FB848241E7CED9400313A01 /* WDTProfileAboutViewController.swift in Sources */,
				3F3CFDBE1E7C486700AD8FF8 /* WDTAboutTableViewCell.swift in Sources */,
				3F23B6541E7F6F6800175017 /* WDTReplyViewController.swift in Sources */,
				3FF8BA7F1E6A6050008A1CEA /* WDTWelcomeViewController.swift in Sources */,
				3F3917B31E6CE8B3007409D9 /* WDTSignUpPhoneViewController.swift in Sources */,
				3FF8BA891E6AA03A008A1CEA /* WDTTutorialContentViewController.swift in Sources */,
				3F3A31561E6E94AF009267A6 /* JHView.swift in Sources */,
				3F3CFDB51E7C238400AD8FF8 /* WDTProfileHeaderViewController.swift in Sources */,
				3F3A31671E6EB036009267A6 /* WDTFeedTableViewCell.swift in Sources */,
				3F3917B51E6CE8C4007409D9 /* WDTSignUpVerificationViewController.swift in Sources */,
				3FEBD97D1E6F08CD00878392 /* JHShadowView.swift in Sources */,
				3FEBD97F1E70E04000878392 /* WDTAddPostViewController.swift in Sources */,
				3F3A31621E6E9AC2009267A6 /* WDTActivity.swift in Sources */,
				3F3CFDC21E7C487900AD8FF8 /* WDTAccountTableViewCell.swift in Sources */,
				3FF8BA831E6A9BA9008A1CEA /* JHTextField.swift in Sources */,
				3F3CFDB31E7C22C200AD8FF8 /* WDTProfileViewController.swift in Sources */,
				3F3917B91E6D0DF6007409D9 /* WDTSignUpProfileViewController.swift in Sources */,
			);
			runOnlyForDeploymentPostprocessing = 0;
		};
/* End PBXSourcesBuildPhase section */

/* Begin PBXVariantGroup section */
		3F78B9BE1E67ACED006DE822 /* Main.storyboard */ = {
			isa = PBXVariantGroup;
			children = (
				3F78B9BF1E67ACED006DE822 /* Base */,
			);
			name = Main.storyboard;
			sourceTree = "<group>";
		};
		3F78B9C31E67ACED006DE822 /* LaunchScreen.storyboard */ = {
			isa = PBXVariantGroup;
			children = (
				3F78B9C41E67ACED006DE822 /* Base */,
			);
			name = LaunchScreen.storyboard;
			sourceTree = "<group>";
		};
/* End PBXVariantGroup section */

/* Begin XCBuildConfiguration section */
		3F78B9C71E67ACED006DE822 /* Debug */ = {
			isa = XCBuildConfiguration;
			buildSettings = {
				ALWAYS_SEARCH_USER_PATHS = NO;
				CLANG_ANALYZER_NONNULL = YES;
				CLANG_CXX_LANGUAGE_STANDARD = "gnu++0x";
				CLANG_CXX_LIBRARY = "libc++";
				CLANG_ENABLE_MODULES = YES;
				CLANG_ENABLE_OBJC_ARC = YES;
				CLANG_WARN_BOOL_CONVERSION = YES;
				CLANG_WARN_CONSTANT_CONVERSION = YES;
				CLANG_WARN_DIRECT_OBJC_ISA_USAGE = YES_ERROR;
				CLANG_WARN_DOCUMENTATION_COMMENTS = YES;
				CLANG_WARN_EMPTY_BODY = YES;
				CLANG_WARN_ENUM_CONVERSION = YES;
				CLANG_WARN_INFINITE_RECURSION = YES;
				CLANG_WARN_INT_CONVERSION = YES;
				CLANG_WARN_OBJC_ROOT_CLASS = YES_ERROR;
				CLANG_WARN_SUSPICIOUS_MOVE = YES;
				CLANG_WARN_UNREACHABLE_CODE = YES;
				CLANG_WARN__DUPLICATE_METHOD_MATCH = YES;
				"CODE_SIGN_IDENTITY[sdk=iphoneos*]" = "iPhone Developer";
				COPY_PHASE_STRIP = NO;
				DEBUG_INFORMATION_FORMAT = dwarf;
				ENABLE_STRICT_OBJC_MSGSEND = YES;
				ENABLE_TESTABILITY = YES;
				GCC_C_LANGUAGE_STANDARD = gnu99;
				GCC_DYNAMIC_NO_PIC = NO;
				GCC_NO_COMMON_BLOCKS = YES;
				GCC_OPTIMIZATION_LEVEL = 0;
				GCC_PREPROCESSOR_DEFINITIONS = (
					"DEBUG=1",
					"$(inherited)",
				);
				GCC_WARN_64_TO_32_BIT_CONVERSION = YES;
				GCC_WARN_ABOUT_RETURN_TYPE = YES_ERROR;
				GCC_WARN_UNDECLARED_SELECTOR = YES;
				GCC_WARN_UNINITIALIZED_AUTOS = YES_AGGRESSIVE;
				GCC_WARN_UNUSED_FUNCTION = YES;
				GCC_WARN_UNUSED_VARIABLE = YES;
				IPHONEOS_DEPLOYMENT_TARGET = 10.0;
				MTL_ENABLE_DEBUG_INFO = YES;
				ONLY_ACTIVE_ARCH = YES;
				SDKROOT = iphoneos;
				SWIFT_ACTIVE_COMPILATION_CONDITIONS = DEBUG;
				SWIFT_OPTIMIZATION_LEVEL = "-Onone";
			};
			name = Debug;
		};
		3F78B9C81E67ACED006DE822 /* Release */ = {
			isa = XCBuildConfiguration;
			buildSettings = {
				ALWAYS_SEARCH_USER_PATHS = NO;
				CLANG_ANALYZER_NONNULL = YES;
				CLANG_CXX_LANGUAGE_STANDARD = "gnu++0x";
				CLANG_CXX_LIBRARY = "libc++";
				CLANG_ENABLE_MODULES = YES;
				CLANG_ENABLE_OBJC_ARC = YES;
				CLANG_WARN_BOOL_CONVERSION = YES;
				CLANG_WARN_CONSTANT_CONVERSION = YES;
				CLANG_WARN_DIRECT_OBJC_ISA_USAGE = YES_ERROR;
				CLANG_WARN_DOCUMENTATION_COMMENTS = YES;
				CLANG_WARN_EMPTY_BODY = YES;
				CLANG_WARN_ENUM_CONVERSION = YES;
				CLANG_WARN_INFINITE_RECURSION = YES;
				CLANG_WARN_INT_CONVERSION = YES;
				CLANG_WARN_OBJC_ROOT_CLASS = YES_ERROR;
				CLANG_WARN_SUSPICIOUS_MOVE = YES;
				CLANG_WARN_UNREACHABLE_CODE = YES;
				CLANG_WARN__DUPLICATE_METHOD_MATCH = YES;
				"CODE_SIGN_IDENTITY[sdk=iphoneos*]" = "iPhone Developer";
				COPY_PHASE_STRIP = NO;
				DEBUG_INFORMATION_FORMAT = "dwarf-with-dsym";
				ENABLE_NS_ASSERTIONS = NO;
				ENABLE_STRICT_OBJC_MSGSEND = YES;
				GCC_C_LANGUAGE_STANDARD = gnu99;
				GCC_NO_COMMON_BLOCKS = YES;
				GCC_WARN_64_TO_32_BIT_CONVERSION = YES;
				GCC_WARN_ABOUT_RETURN_TYPE = YES_ERROR;
				GCC_WARN_UNDECLARED_SELECTOR = YES;
				GCC_WARN_UNINITIALIZED_AUTOS = YES_AGGRESSIVE;
				GCC_WARN_UNUSED_FUNCTION = YES;
				GCC_WARN_UNUSED_VARIABLE = YES;
				IPHONEOS_DEPLOYMENT_TARGET = 10.0;
				MTL_ENABLE_DEBUG_INFO = NO;
				SDKROOT = iphoneos;
				SWIFT_OPTIMIZATION_LEVEL = "-Owholemodule";
				VALIDATE_PRODUCT = YES;
			};
			name = Release;
		};
		3F78B9CA1E67ACED006DE822 /* Debug */ = {
			isa = XCBuildConfiguration;
			baseConfigurationReference = B641342E17CE113A5F0D8EC8 /* Pods-Widdit.debug.xcconfig */;
			buildSettings = {
				ASSETCATALOG_COMPILER_APPICON_NAME = AppIcon;
				CODE_SIGN_ENTITLEMENTS = Widdit/Widdit.entitlements;
				"CODE_SIGN_IDENTITY[sdk=iphoneos*]" = "iPhone Developer";
				DEVELOPMENT_TEAM = H7P63R6R55;
				INFOPLIST_FILE = Widdit/Info.plist;
				LD_RUNPATH_SEARCH_PATHS = "$(inherited) @executable_path/Frameworks";
				PRODUCT_BUNDLE_IDENTIFIER = com.widdit;
				PRODUCT_NAME = "$(TARGET_NAME)";
				SWIFT_VERSION = 3.0;
			};
			name = Debug;
		};
		3F78B9CB1E67ACED006DE822 /* Release */ = {
			isa = XCBuildConfiguration;
			baseConfigurationReference = 99C5035B241671F3B627B907 /* Pods-Widdit.release.xcconfig */;
			buildSettings = {
				ASSETCATALOG_COMPILER_APPICON_NAME = AppIcon;
				CODE_SIGN_ENTITLEMENTS = Widdit/Widdit.entitlements;
				"CODE_SIGN_IDENTITY[sdk=iphoneos*]" = "iPhone Developer";
				DEVELOPMENT_TEAM = H7P63R6R55;
				INFOPLIST_FILE = Widdit/Info.plist;
				LD_RUNPATH_SEARCH_PATHS = "$(inherited) @executable_path/Frameworks";
				PRODUCT_BUNDLE_IDENTIFIER = com.widdit;
				PRODUCT_NAME = "$(TARGET_NAME)";
				SWIFT_VERSION = 3.0;
			};
			name = Release;
		};
/* End XCBuildConfiguration section */

/* Begin XCConfigurationList section */
		3F78B9B21E67ACED006DE822 /* Build configuration list for PBXProject "Widdit" */ = {
			isa = XCConfigurationList;
			buildConfigurations = (
				3F78B9C71E67ACED006DE822 /* Debug */,
				3F78B9C81E67ACED006DE822 /* Release */,
			);
			defaultConfigurationIsVisible = 0;
			defaultConfigurationName = Release;
		};
		3F78B9C91E67ACED006DE822 /* Build configuration list for PBXNativeTarget "Widdit" */ = {
			isa = XCConfigurationList;
			buildConfigurations = (
				3F78B9CA1E67ACED006DE822 /* Debug */,
				3F78B9CB1E67ACED006DE822 /* Release */,
			);
			defaultConfigurationIsVisible = 0;
			defaultConfigurationName = Release;
		};
/* End XCConfigurationList section */
	};
	rootObject = 3F78B9AF1E67ACED006DE822 /* Project object */;
}
